hash: 6e48303cfc142d33322daf65d0e8894cb69865061d77d3b9a357754f100282c2
updated: 2017-08-14T14:21:35.520971719+03:00
imports:
- name: github.com/gorilla/context
  version: 08b5f424b9271eedf6f9f0ce86cb9396ed337a42
- name: github.com/gorilla/mux
  version: bcd8bc72b08df0f70df986b97f95590779502d31
- name: github.com/percona/pmm-manage
  version: d8e52052ace74daeea2939c2da85694eca64320b
  subpackages:
  - configurator/config
  - configurator/sshkey
- name: github.com/sirupsen/logrus
  version: a3f95b5c423586578a4e099b11a46c2479628cac
- name: golang.org/x/crypto
  version: b176d7def5d71bdd214203491f89843ed217f420
  subpackages:
  - curve25519
  - ed25519
  - ed25519/internal/edwards25519
  - ssh
- name: golang.org/x/sys
  version: c84c1ab9fd18cdd4c23dd021c10f5f46dea95e46
  subpackages:
  - unix
- name: gopkg.in/yaml.v2
  version: eb3733d160e74a9c7e442f435eb3bea458e1d19f
testImports: []
